{
  "name": "battle-bias",
  "lockfileVersion": 3,
  "requires": true,
  "packages": {
    "": {
      "dependencies": {
        "kpopnet.json": "^2.0.5"
      }
    },
    "node_modules/kpopnet.json": {
      "version": "2.0.5",
      "resolved": "https://registry.npmjs.org/kpopnet.json/-/kpopnet.json-2.0.5.tgz",
      "integrity": "sha512-DP3RCTbtvRO8FiCqM2+xxMECiPtsoao6EnBxygFzSzHJL4sFUvMxlrmxJYBVZoA1QEu475FOd4YzkTFJ8Q7fCw==",
      "license": "CC0-1.0"
    }
  }
}
